
Microsoft Visual Studio Solution File, Format Version 12.00
# Visual Studio 15
VisualStudioVersion = 15.0.28307.168
MinimumVisualStudioVersion = 10.0.40219.1
Project("{888888A0-9F3D-457C-B088-3A5042F75D52}") = "BasicProject", "BasicProject\BasicProject.pyproj", "{A73E4A54-CDDE-4C47-A41A-8B62308DCFA7}"
EndProject
Project("{888888A0-9F3D-457C-B088-3A5042F75D52}") = "DjangoWeb", "DjangoWeb\DjangoWeb.pyproj", "{EA6BA546-45D0-4398-96AF-69B46466F0EF}"
EndProject
Global
	GlobalSection(SolutionConfigurationPlatforms) = preSolution
		Debug|Any CPU = Debug|Any CPU
		Release|Any CPU = Release|Any CPU
	EndGlobalSection
	GlobalSection(ProjectConfigurationPlatforms) = postSolution
		{A73E4A54-CDDE-4C47-A41A-8B62308DCFA7}.Debug|Any CPU.ActiveCfg = Debug|Any CPU
		{A73E4A54-CDDE-4C47-A41A-8B62308DCFA7}.Debug|Any CPU.Build.0 = Debug|Any CPU
		{A73E4A54-CDDE-4C47-A41A-8B62308DCFA7}.Release|Any CPU.ActiveCfg = Release|Any CPU
		{A73E4A54-CDDE-4C47-A41A-8B62308DCFA7}.Release|Any CPU.Build.0 = Release|Any CPU
		{EA6BA546-45D0-4398-96AF-69B46466F0EF}.Debug|Any CPU.ActiveCfg = Debug|Any CPU
		{EA6BA546-45D0-4398-96AF-69B46466F0EF}.Debug|Any CPU.Build.0 = Debug|Any CPU
		{EA6BA546-45D0-4398-96AF-69B46466F0EF}.Release|Any CPU.ActiveCfg = Release|Any CPU
		{EA6BA546-45D0-4398-96AF-69B46466F0EF}.Release|Any CPU.Build.0 = Release|Any CPU
	EndGlobalSection
	GlobalSection(SolutionProperties) = preSolution
		HideSolutionNode = FALSE
	EndGlobalSection
	GlobalSection(ExtensibilityGlobals) = postSolution
		SolutionGuid = {8913D347-5736-492C-89BE-E352D1BD18CA}
	EndGlobalSection
EndGlobal
